PODS:
  - Flutter (1.0.0)
  - plugin_example (0.0.1):
    - Flutter

DEPENDENCIES:
  - Flutter (from `Flutter`)
  - plugin_example (from `.symlinks/plugins/plugin_example/ios`)

EXTERNAL SOURCES:
  Flutter:
    :path: Flutter
  plugin_example:
    :path: ".symlinks/plugins/plugin_example/ios"

SPEC CHECKSUMS:
  Flutter: 0e3d915762c693b495b44d77113d4970485de6ec
  plugin_example: 099107d9954c1c5690db5862f7d73f9a8720e2df

PODFILE CHECKSUM: c34e2287a9ccaa606aeceab922830efb9a6ff69a

COCOAPODS: 1.9.1
